{
  "version": 4,
  "terraform_version": "1.12.1",
  "serial": 14,
  "lineage": "274caa53-dfe4-3e0b-9e17-2da1feb6cb10",
  "outputs": {
    "app_ec2_public_ip": {
      "value": "3.110.119.253",
      "type": "string"
    },
    "iam_role_a_arn": {
      "value": "arn:aws:iam::326486660105:role/readonly_s3_role",
      "type": "string"
    },
    "iam_role_b_arn": {
      "value": "arn:aws:iam::326486660105:role/uploadonly_s3_role",
      "type": "string"
    },
    "s3_log_bucket": {
      "value": "techeazy-logs-bucket-su",
      "type": "string"
    }
  },
  "resources": [
    {
      "mode": "managed",
      "type": "aws_iam_instance_profile",
      "name": "ec2_instance_profile_a",
      "provider": "provider[\"registry.terraform.io/hashicorp/aws\"]",
      "instances": [
        {
          "schema_version": 0,
          "attributes": {
            "arn": "arn:aws:iam::326486660105:instance-profile/ec2-instance-profile_a-dev",
            "create_date": "2025-07-06T18:16:45Z",
            "id": "ec2-instance-profile_a-dev",
            "name": "ec2-instance-profile_a-dev",
            "name_prefix": "",
            "path": "/",
            "role": "readonly_s3_role",
            "tags": null,
            "tags_all": {},
            "unique_id": "AIPAUYBA7CQEWH2T47KNE"
          },
          "sensitive_attributes": [],
          "identity_schema_version": 0,
          "private": "bnVsbA==",
          "dependencies": [
            "aws_iam_role.role_a_readonly"
          ]
        }
      ]
    },
    {
      "mode": "managed",
      "type": "aws_iam_instance_profile",
      "name": "ec2_instance_profile_b",
      "provider": "provider[\"registry.terraform.io/hashicorp/aws\"]",
      "instances": [
        {
          "schema_version": 0,
          "attributes": {
            "arn": "arn:aws:iam::326486660105:instance-profile/ec2-instance-profile_b-dev",
            "create_date": "2025-07-06T18:16:45Z",
            "id": "ec2-instance-profile_b-dev",
            "name": "ec2-instance-profile_b-dev",
            "name_prefix": "",
            "path": "/",
            "role": "uploadonly_s3_role",
            "tags": null,
            "tags_all": {},
            "unique_id": "AIPAUYBA7CQEQISDZCRSE"
          },
          "sensitive_attributes": [],
          "identity_schema_version": 0,
          "private": "bnVsbA==",
          "dependencies": [
            "aws_iam_role.role_b_uploader"
          ]
        }
      ]
    },
    {
      "mode": "managed",
      "type": "aws_iam_policy",
      "name": "readonly_policy",
      "provider": "provider[\"registry.terraform.io/hashicorp/aws\"]",
      "instances": [
        {
          "schema_version": 0,
          "attributes": {
            "arn": "arn:aws:iam::326486660105:policy/readonly_s3_policy",
            "attachment_count": 0,
            "description": "Allows read-only access to S3",
            "id": "arn:aws:iam::326486660105:policy/readonly_s3_policy",
            "name": "readonly_s3_policy",
            "name_prefix": "",
            "path": "/",
            "policy": "{\"Statement\":[{\"Action\":[\"s3:GetObject\",\"s3:ListBucket\"],\"Effect\":\"Allow\",\"Resource\":[\"arn:aws:s3:::techeazy-logs-bucket-su\",\"arn:aws:s3:::techeazy-logs-bucket-su/*\"]}],\"Version\":\"2012-10-17\"}",
            "policy_id": "ANPAUYBA7CQETSYATKFRK",
            "tags": null,
            "tags_all": {}
          },
          "sensitive_attributes": [],
          "identity_schema_version": 0,
          "private": "bnVsbA=="
        }
      ]
    },
    {
      "mode": "managed",
      "type": "aws_iam_policy",
      "name": "uploadonly_policy",
      "provider": "provider[\"registry.terraform.io/hashicorp/aws\"]",
      "instances": [
        {
          "schema_version": 0,
          "attributes": {
            "arn": "arn:aws:iam::326486660105:policy/uploadonly_s3_policy",
            "attachment_count": 0,
            "description": "Allows write-only access to S3",
            "id": "arn:aws:iam::326486660105:policy/uploadonly_s3_policy",
            "name": "uploadonly_s3_policy",
            "name_prefix": "",
            "path": "/",
            "policy": "{\"Statement\":[{\"Action\":[\"s3:PutObject\",\"s3:CreateBucket\"],\"Effect\":\"Allow\",\"Resource\":[\"arn:aws:s3:::techeazy-logs-bucket-su\",\"arn:aws:s3:::techeazy-logs-bucket-su/*\"]}],\"Version\":\"2012-10-17\"}",
            "policy_id": "ANPAUYBA7CQE64J3ON47C",
            "tags": null,
            "tags_all": {}
          },
          "sensitive_attributes": [],
          "identity_schema_version": 0,
          "private": "bnVsbA=="
        }
      ]
    },
    {
      "mode": "managed",
      "type": "aws_iam_role",
      "name": "role_a_readonly",
      "provider": "provider[\"registry.terraform.io/hashicorp/aws\"]",
      "instances": [
        {
          "schema_version": 0,
          "attributes": {
            "arn": "arn:aws:iam::326486660105:role/readonly_s3_role",
            "assume_role_policy": "{\"Statement\":[{\"Action\":\"sts:AssumeRole\",\"Effect\":\"Allow\",\"Principal\":{\"Service\":\"ec2.amazonaws.com\"}}],\"Version\":\"2012-10-17\"}",
            "create_date": "2025-07-06T18:16:43Z",
            "description": "",
            "force_detach_policies": false,
            "id": "readonly_s3_role",
            "inline_policy": [],
            "managed_policy_arns": [],
            "max_session_duration": 3600,
            "name": "readonly_s3_role",
            "name_prefix": "",
            "path": "/",
            "permissions_boundary": "",
            "tags": null,
            "tags_all": {},
            "unique_id": "AROAUYBA7CQESA5QJIYSD"
          },
          "sensitive_attributes": [],
          "identity_schema_version": 0,
          "identity": {
            "account_id": "326486660105",
            "name": "readonly_s3_role"
          },
          "private": "bnVsbA=="
        }
      ]
    },
    {
      "mode": "managed",
      "type": "aws_iam_role",
      "name": "role_b_uploader",
      "provider": "provider[\"registry.terraform.io/hashicorp/aws\"]",
      "instances": [
        {
          "schema_version": 0,
          "attributes": {
            "arn": "arn:aws:iam::326486660105:role/uploadonly_s3_role",
            "assume_role_policy": "{\"Statement\":[{\"Action\":\"sts:AssumeRole\",\"Effect\":\"Allow\",\"Principal\":{\"Service\":\"ec2.amazonaws.com\"}}],\"Version\":\"2012-10-17\"}",
            "create_date": "2025-07-06T18:16:43Z",
            "description": "",
            "force_detach_policies": false,
            "id": "uploadonly_s3_role",
            "inline_policy": [],
            "managed_policy_arns": [],
            "max_session_duration": 3600,
            "name": "uploadonly_s3_role",
            "name_prefix": "",
            "path": "/",
            "permissions_boundary": "",
            "tags": null,
            "tags_all": {},
            "unique_id": "AROAUYBA7CQET6WUDWDHV"
          },
          "sensitive_attributes": [],
          "identity_schema_version": 0,
          "identity": {
            "account_id": "326486660105",
            "name": "uploadonly_s3_role"
          },
          "private": "bnVsbA=="
        }
      ]
    },
    {
      "mode": "managed",
      "type": "aws_iam_role_policy_attachment",
      "name": "readonly_attach",
      "provider": "provider[\"registry.terraform.io/hashicorp/aws\"]",
      "instances": [
        {
          "schema_version": 0,
          "attributes": {
            "id": "readonly_s3_role/arn:aws:iam::326486660105:policy/readonly_s3_policy",
            "policy_arn": "arn:aws:iam::326486660105:policy/readonly_s3_policy",
            "role": "readonly_s3_role"
          },
          "sensitive_attributes": [],
          "identity_schema_version": 0,
          "identity": {
            "account_id": "326486660105",
            "policy_arn": "arn:aws:iam::326486660105:policy/readonly_s3_policy",
            "role": "readonly_s3_role"
          },
          "private": "bnVsbA==",
          "dependencies": [
            "aws_iam_policy.readonly_policy",
            "aws_iam_role.role_a_readonly"
          ]
        }
      ]
    },
    {
      "mode": "managed",
      "type": "aws_iam_role_policy_attachment",
      "name": "uploadonly_attach",
      "provider": "provider[\"registry.terraform.io/hashicorp/aws\"]",
      "instances": [
        {
          "schema_version": 0,
          "attributes": {
            "id": "uploadonly_s3_role/arn:aws:iam::326486660105:policy/uploadonly_s3_policy",
            "policy_arn": "arn:aws:iam::326486660105:policy/uploadonly_s3_policy",
            "role": "uploadonly_s3_role"
          },
          "sensitive_attributes": [],
          "identity_schema_version": 0,
          "identity": {
            "account_id": "326486660105",
            "policy_arn": "arn:aws:iam::326486660105:policy/uploadonly_s3_policy",
            "role": "uploadonly_s3_role"
          },
          "private": "bnVsbA==",
          "dependencies": [
            "aws_iam_policy.uploadonly_policy",
            "aws_iam_role.role_b_uploader"
          ]
        }
      ]
    },
    {
      "mode": "managed",
      "type": "aws_instance",
      "name": "app_server",
      "provider": "provider[\"registry.terraform.io/hashicorp/aws\"]",
      "instances": [
        {
          "schema_version": 2,
          "attributes": {
            "ami": "ami-0f918f7e67a3323f0",
            "arn": "arn:aws:ec2:ap-south-1:326486660105:instance/i-0ac00f8dfb6d2d392",
            "associate_public_ip_address": true,
            "availability_zone": "ap-south-1b",
            "capacity_reservation_specification": [
              {
                "capacity_reservation_preference": "open",
                "capacity_reservation_target": []
              }
            ],
            "cpu_options": [
              {
                "amd_sev_snp": "",
                "core_count": 1,
                "threads_per_core": 1
              }
            ],
            "credit_specification": [
              {
                "cpu_credits": "standard"
              }
            ],
            "disable_api_stop": false,
            "disable_api_termination": false,
            "ebs_block_device": [],
            "ebs_optimized": false,
            "enable_primary_ipv6": null,
            "enclave_options": [
              {
                "enabled": false
              }
            ],
            "ephemeral_block_device": [],
            "get_password_data": false,
            "hibernation": false,
            "host_id": "",
            "host_resource_group_arn": null,
            "iam_instance_profile": "ec2-instance-profile_b-dev",
            "id": "i-0ac00f8dfb6d2d392",
            "instance_initiated_shutdown_behavior": "stop",
            "instance_lifecycle": "",
            "instance_market_options": [],
            "instance_state": "running",
            "instance_type": "t2.micro",
            "ipv6_address_count": 0,
            "ipv6_addresses": [],
            "key_name": "",
            "launch_template": [],
            "maintenance_options": [
              {
                "auto_recovery": "default"
              }
            ],
            "metadata_options": [
              {
                "http_endpoint": "enabled",
                "http_protocol_ipv6": "disabled",
                "http_put_response_hop_limit": 2,
                "http_tokens": "required",
                "instance_metadata_tags": "disabled"
              }
            ],
            "monitoring": false,
            "network_interface": [],
            "outpost_arn": "",
            "password_data": "",
            "placement_group": "",
            "placement_partition_number": 0,
            "primary_network_interface_id": "eni-026659ef363c1ff97",
            "private_dns": "ip-172-31-10-37.ap-south-1.compute.internal",
            "private_dns_name_options": [
              {
                "enable_resource_name_dns_a_record": false,
                "enable_resource_name_dns_aaaa_record": false,
                "hostname_type": "ip-name"
              }
            ],
            "private_ip": "172.31.10.37",
            "public_dns": "ec2-3-110-119-253.ap-south-1.compute.amazonaws.com",
            "public_ip": "3.110.119.253",
            "region": "ap-south-1",
            "root_block_device": [
              {
                "delete_on_termination": true,
                "device_name": "/dev/sda1",
                "encrypted": false,
                "iops": 3000,
                "kms_key_id": "",
                "tags": {},
                "tags_all": {},
                "throughput": 125,
                "volume_id": "vol-0a90e8a2c00c4d86a",
                "volume_size": 8,
                "volume_type": "gp3"
              }
            ],
            "secondary_private_ips": [],
            "security_groups": [
              "allow_http_and_ssh"
            ],
            "source_dest_check": true,
            "spot_instance_request_id": "",
            "subnet_id": "subnet-0a9cf571c5e8a9143",
            "tags": {
              "Name": "AppServer-dev",
              "Stage": "dev"
            },
            "tags_all": {
              "Name": "AppServer-dev",
              "Stage": "dev"
            },
            "tenancy": "default",
            "timeouts": null,
            "user_data": "#!/bin/bash\nset -e\n\n# Update system\napt-get update -y\napt-get install -y  unzip curl openjdk-21-jdk git maven\n\n# Install AWS CLI v2 if not installed\nif ! command -v aws \u0026\u003e /dev/null; then\n  echo \"Installing AWS CLI...\"\n  curl \"https://awscli.amazonaws.com/awscli-exe-linux-x86_64.zip\" -o \"awscliv2.zip\"\n  unzip awscliv2.zip\n  sudo ./aws/install\nfi\n\n# Clone repo and run\ncd /home/ubuntu\ngit clone https://github.com/techeazy-consulting/techeazy-devops\ncd $(basename \"https://github.com/techeazy-consulting/techeazy-devops\" .git)\n\nmvn clean install\njava -jar target/*.jar --server.port=80 \u003e /var/log/my-app.log 2\u003e\u00261 \u0026\n\n# Wait for a bit to let the app run\nsleep 120\n\n# Upload logs to S3 bucket passed from Terraform\naws s3 cp /var/log/cloud-init.log s3://techeazy-logs-bucket-su/system_logs/cloud-init.log\naws s3 cp /var/log/my-app.log s3://techeazy-logs-bucket-su/app_logs/my-app.log\n\n# Auto-shutdown\nsudo shutdown -h +$(shutdown_after_minutess)\n",
            "user_data_base64": null,
            "user_data_replace_on_change": false,
            "volume_tags": null,
            "vpc_security_group_ids": [
              "sg-0ca8cb532fa405817"
            ]
          },
          "sensitive_attributes": [],
          "identity_schema_version": 0,
          "private": "eyJlMmJmYjczMC1lY2FhLTExZTYtOGY4OC0zNDM2M2JjN2M0YzAiOnsiY3JlYXRlIjo2MDAwMDAwMDAwMDAsImRlbGV0ZSI6MTIwMDAwMDAwMDAwMCwicmVhZCI6OTAwMDAwMDAwMDAwLCJ1cGRhdGUiOjYwMDAwMDAwMDAwMH0sInNjaGVtYV92ZXJzaW9uIjoiMiJ9",
          "dependencies": [
            "aws_iam_instance_profile.ec2_instance_profile_b",
            "aws_iam_role.role_b_uploader",
            "aws_security_group.allow_http_and_ssh"
          ]
        }
      ]
    },
    {
      "mode": "managed",
      "type": "aws_s3_bucket",
      "name": "log_s3_bucket",
      "provider": "provider[\"registry.terraform.io/hashicorp/aws\"]",
      "instances": [
        {
          "schema_version": 0,
          "attributes": {
            "acceleration_status": "",
            "acl": null,
            "arn": "arn:aws:s3:::techeazy-logs-bucket-su",
            "bucket": "techeazy-logs-bucket-su",
            "bucket_domain_name": "techeazy-logs-bucket-su.s3.amazonaws.com",
            "bucket_prefix": "",
            "bucket_region": "ap-south-1",
            "bucket_regional_domain_name": "techeazy-logs-bucket-su.s3.ap-south-1.amazonaws.com",
            "cors_rule": [],
            "force_destroy": true,
            "grant": [
              {
                "id": "d496011af58c8b1691e7e0ebdb3e3b6c997bd5249f52505d34a1eec44d08e4e3",
                "permissions": [
                  "FULL_CONTROL"
                ],
                "type": "CanonicalUser",
                "uri": ""
              }
            ],
            "hosted_zone_id": "Z11RGJOFQNVJUP",
            "id": "techeazy-logs-bucket-su",
            "lifecycle_rule": [],
            "logging": [],
            "object_lock_configuration": [],
            "object_lock_enabled": false,
            "policy": "",
            "region": "ap-south-1",
            "replication_configuration": [],
            "request_payer": "BucketOwner",
            "server_side_encryption_configuration": [
              {
                "rule": [
                  {
                    "apply_server_side_encryption_by_default": [
                      {
                        "kms_master_key_id": "",
                        "sse_algorithm": "AES256"
                      }
                    ],
                    "bucket_key_enabled": false
                  }
                ]
              }
            ],
            "tags": {
              "Name": "LogBucket"
            },
            "tags_all": {
              "Name": "LogBucket"
            },
            "timeouts": null,
            "versioning": [
              {
                "enabled": false,
                "mfa_delete": false
              }
            ],
            "website": [],
            "website_domain": null,
            "website_endpoint": null
          },
          "sensitive_attributes": [],
          "identity_schema_version": 0,
          "identity": {
            "account_id": "326486660105",
            "bucket": "techeazy-logs-bucket-su",
            "region": "ap-south-1"
          },
          "private": "eyJlMmJmYjczMC1lY2FhLTExZTYtOGY4OC0zNDM2M2JjN2M0YzAiOnsiY3JlYXRlIjoxMjAwMDAwMDAwMDAwLCJkZWxldGUiOjM2MDAwMDAwMDAwMDAsInJlYWQiOjEyMDAwMDAwMDAwMDAsInVwZGF0ZSI6MTIwMDAwMDAwMDAwMH19"
        }
      ]
    },
    {
      "mode": "managed",
      "type": "aws_s3_bucket_lifecycle_configuration",
      "name": "log_lifecycle",
      "provider": "provider[\"registry.terraform.io/hashicorp/aws\"]",
      "instances": [
        {
          "schema_version": 1,
          "attributes": {
            "bucket": "techeazy-logs-bucket-su",
            "expected_bucket_owner": "",
            "id": "techeazy-logs-bucket-su",
            "region": "ap-south-1",
            "rule": [
              {
                "abort_incomplete_multipart_upload": [],
                "expiration": [
                  {
                    "date": null,
                    "days": 7,
                    "expired_object_delete_marker": false
                  }
                ],
                "filter": [
                  {
                    "and": [],
                    "object_size_greater_than": null,
                    "object_size_less_than": null,
                    "prefix": "",
                    "tag": []
                  }
                ],
                "id": "delete_logs_after_7_days",
                "noncurrent_version_expiration": [],
                "noncurrent_version_transition": [],
                "prefix": "",
                "status": "Enabled",
                "transition": []
              }
            ],
            "timeouts": null,
            "transition_default_minimum_object_size": "all_storage_classes_128K"
          },
          "sensitive_attributes": [],
          "identity_schema_version": 0,
          "dependencies": [
            "aws_s3_bucket.log_s3_bucket"
          ]
        }
      ]
    },
    {
      "mode": "managed",
      "type": "aws_s3_bucket_public_access_block",
      "name": "log_bucket",
      "provider": "provider[\"registry.terraform.io/hashicorp/aws\"]",
      "instances": [
        {
          "schema_version": 0,
          "attributes": {
            "block_public_acls": true,
            "block_public_policy": true,
            "bucket": "techeazy-logs-bucket-su",
            "id": "techeazy-logs-bucket-su",
            "ignore_public_acls": true,
            "region": "ap-south-1",
            "restrict_public_buckets": true
          },
          "sensitive_attributes": [],
          "identity_schema_version": 0,
          "private": "bnVsbA==",
          "dependencies": [
            "aws_s3_bucket.log_s3_bucket"
          ]
        }
      ]
    },
    {
      "mode": "managed",
      "type": "aws_security_group",
      "name": "allow_http_and_ssh",
      "provider": "provider[\"registry.terraform.io/hashicorp/aws\"]",
      "instances": [
        {
          "schema_version": 1,
          "attributes": {
            "arn": "arn:aws:ec2:ap-south-1:326486660105:security-group/sg-0ca8cb532fa405817",
            "description": "Allow HTTP traffic and SSH traffic on port 80 and 22",
            "egress": [
              {
                "cidr_blocks": [
                  "0.0.0.0/0"
                ],
                "description": "",
                "from_port": 0,
                "ipv6_cidr_blocks": [],
                "prefix_list_ids": [],
                "protocol": "-1",
                "security_groups": [],
                "self": false,
                "to_port": 0
              }
            ],
            "id": "sg-0ca8cb532fa405817",
            "ingress": [
              {
                "cidr_blocks": [
                  "0.0.0.0/0"
                ],
                "description": "",
                "from_port": 22,
                "ipv6_cidr_blocks": [],
                "prefix_list_ids": [],
                "protocol": "tcp",
                "security_groups": [],
                "self": false,
                "to_port": 22
              },
              {
                "cidr_blocks": [
                  "0.0.0.0/0"
                ],
                "description": "",
                "from_port": 80,
                "ipv6_cidr_blocks": [],
                "prefix_list_ids": [],
                "protocol": "tcp",
                "security_groups": [],
                "self": false,
                "to_port": 80
              }
            ],
            "name": "allow_http_and_ssh",
            "name_prefix": "",
            "owner_id": "326486660105",
            "region": "ap-south-1",
            "revoke_rules_on_delete": false,
            "tags": null,
            "tags_all": {},
            "timeouts": null,
            "vpc_id": "vpc-05c8f1f27beea4571"
          },
          "sensitive_attributes": [],
          "identity_schema_version": 0,
          "private": "eyJlMmJmYjczMC1lY2FhLTExZTYtOGY4OC0zNDM2M2JjN2M0YzAiOnsiY3JlYXRlIjo2MDAwMDAwMDAwMDAsImRlbGV0ZSI6OTAwMDAwMDAwMDAwfSwic2NoZW1hX3ZlcnNpb24iOiIxIn0="
        }
      ]
    }
  ],
  "check_results": null
}
